# This file is automatically @generated by Poetry 1.8.3 and should not be changed by hand.

[[package]]
name = "docker"
version = "7.1.0"
description = "A Python library for the Docker Engine API."
optional = false
python-versions = "*"
files = []

[[package]]
name = "openai"
version = "1.38.0"
description = "The official Python library for the openai API"
optional = false
python-versions = "*"
files = []

[[package]]
name = "pytest"
version = "8.3.2"
description = "pytest: simple powerful testing with Python"
optional = false
python-versions = "*"
files = []

[[package]]
name = "pytest-mock"
version = "3.14.0"
description = "Thin-wrapper around the mock package for easier use with pytest"
optional = false
python-versions = "*"
files = []

[[package]]
name = "python-dotenv"
version = "1.0.1"
description = "Read key-value pairs from a .env file and set them as environment variables"
optional = false
python-versions = "*"
files = []

[[package]]
name = "requests"
version = "2.32.3"
description = "Python HTTP for Humans."
optional = false
python-versions = "*"
files = []

[metadata]
lock-version = "2.0"
python-versions = "^3.10"
content-hash = "1a652e26b828a82b7de59c1cb314e2b060e0ee6bafaf224837e033df68630c04"
